{
  "name": "decafe-timer",
  "lockfileVersion": 3,
  "requires": true,
  "packages": {
    "": {
      "dependencies": {
        "@openai/codex": "^0.64.0"
      }
    },
    "node_modules/@openai/codex": {
      "version": "0.64.0",
      "resolved": "https://registry.npmjs.org/@openai/codex/-/codex-0.64.0.tgz",
      "integrity": "sha512-mO3CJiH9eoQRxRQrlBxht4SM5qYaqjToWxidEFDVa+et1ZdQpt7X3XbNIRdSohorU78E50u864MIwB32Hj3gRQ==",
      "license": "Apache-2.0",
      "bin": {
        "codex": "bin/codex.js"
      },
      "engines": {
        "node": ">=16"
      }
    }
  }
}
